
Microsoft Visual Studio Solution File, Format Version 12.00
# Visual Studio Version 17
VisualStudioVersion = 17.14.36518.9 d17.14
MinimumVisualStudioVersion = 10.0.40219.1
Project("{FAE04EC0-301F-11D3-BF4B-00C04F79EFBC}") = "CalculatorApp", "CalculatorApp.csproj", "{3A364A3F-55BB-4040-8868-51D5E78DD96A}"
EndProject
Project("{FAE04EC0-301F-11D3-BF4B-00C04F79EFBC}") = "CalculatorAppTests", "..\CalculatorAppTests\CalculatorAppTests.csproj", "{98EB0DD6-1D06-4A2D-91F6-F627209DF30E}"
EndProject
Global
	GlobalSection(SolutionConfigurationPlatforms) = preSolution
		Debug|Any CPU = Debug|Any CPU
		Release|Any CPU = Release|Any CPU
	EndGlobalSection
	GlobalSection(ProjectConfigurationPlatforms) = postSolution
		{3A364A3F-55BB-4040-8868-51D5E78DD96A}.Debug|Any CPU.ActiveCfg = Debug|Any CPU
		{3A364A3F-55BB-4040-8868-51D5E78DD96A}.Debug|Any CPU.Build.0 = Debug|Any CPU
		{3A364A3F-55BB-4040-8868-51D5E78DD96A}.Release|Any CPU.ActiveCfg = Release|Any CPU
		{3A364A3F-55BB-4040-8868-51D5E78DD96A}.Release|Any CPU.Build.0 = Release|Any CPU
		{98EB0DD6-1D06-4A2D-91F6-F627209DF30E}.Debug|Any CPU.ActiveCfg = Debug|Any CPU
		{98EB0DD6-1D06-4A2D-91F6-F627209DF30E}.Debug|Any CPU.Build.0 = Debug|Any CPU
		{98EB0DD6-1D06-4A2D-91F6-F627209DF30E}.Release|Any CPU.ActiveCfg = Release|Any CPU
		{98EB0DD6-1D06-4A2D-91F6-F627209DF30E}.Release|Any CPU.Build.0 = Release|Any CPU
	EndGlobalSection
	GlobalSection(SolutionProperties) = preSolution
		HideSolutionNode = FALSE
	EndGlobalSection
	GlobalSection(ExtensibilityGlobals) = postSolution
		SolutionGuid = {B12F3714-1857-4755-8D32-F9F8F604AA20}
	EndGlobalSection
EndGlobal
